
Microsoft Visual Studio Solution File, Format Version 12.00
# Visual Studio Version 17
VisualStudioVersion = 17.11.35431.28
MinimumVisualStudioVersion = 10.0.40219.1
Project("{9A19103F-16F7-4668-BE54-9A1E7A4F7556}") = "TestCRM", "TestCRM\TestCRM.csproj", "{2D733795-5F1F-49E3-AA2A-29A7098C912C}"
EndProject
Project("{9A19103F-16F7-4668-BE54-9A1E7A4F7556}") = "AuthService", "AuthService\AuthService.csproj", "{E1E9AC53-6868-4F61-8CD1-DD45CDAEEF2A}"
EndProject
Project("{9A19103F-16F7-4668-BE54-9A1E7A4F7556}") = "Shared", "Shared\Shared.csproj", "{30D8A6E0-F841-4BE5-9FBA-3EE70D1FA205}"
EndProject
Global
	GlobalSection(SolutionConfigurationPlatforms) = preSolution
		Debug|Any CPU = Debug|Any CPU
		Release|Any CPU = Release|Any CPU
	EndGlobalSection
	GlobalSection(ProjectConfigurationPlatforms) = postSolution
		{2D733795-5F1F-49E3-AA2A-29A7098C912C}.Debug|Any CPU.ActiveCfg = Debug|Any CPU
		{2D733795-5F1F-49E3-AA2A-29A7098C912C}.Debug|Any CPU.Build.0 = Debug|Any CPU
		{2D733795-5F1F-49E3-AA2A-29A7098C912C}.Release|Any CPU.ActiveCfg = Release|Any CPU
		{2D733795-5F1F-49E3-AA2A-29A7098C912C}.Release|Any CPU.Build.0 = Release|Any CPU
		{E1E9AC53-6868-4F61-8CD1-DD45CDAEEF2A}.Debug|Any CPU.ActiveCfg = Debug|Any CPU
		{E1E9AC53-6868-4F61-8CD1-DD45CDAEEF2A}.Debug|Any CPU.Build.0 = Debug|Any CPU
		{E1E9AC53-6868-4F61-8CD1-DD45CDAEEF2A}.Release|Any CPU.ActiveCfg = Release|Any CPU
		{E1E9AC53-6868-4F61-8CD1-DD45CDAEEF2A}.Release|Any CPU.Build.0 = Release|Any CPU
		{30D8A6E0-F841-4BE5-9FBA-3EE70D1FA205}.Debug|Any CPU.ActiveCfg = Debug|Any CPU
		{30D8A6E0-F841-4BE5-9FBA-3EE70D1FA205}.Debug|Any CPU.Build.0 = Debug|Any CPU
		{30D8A6E0-F841-4BE5-9FBA-3EE70D1FA205}.Release|Any CPU.ActiveCfg = Release|Any CPU
		{30D8A6E0-F841-4BE5-9FBA-3EE70D1FA205}.Release|Any CPU.Build.0 = Release|Any CPU
	EndGlobalSection
	GlobalSection(SolutionProperties) = preSolution
		HideSolutionNode = FALSE
	EndGlobalSection
	GlobalSection(ExtensibilityGlobals) = postSolution
		SolutionGuid = {C999D7C3-F360-467A-9112-70E25D52567E}
	EndGlobalSection
EndGlobal
