
Microsoft Visual Studio Solution File, Format Version 12.00
# Visual Studio Version 17
VisualStudioVersion = 17.0.31903.59
MinimumVisualStudioVersion = 10.0.40219.1
Project("{2150E333-8FDC-42A3-9474-1A3956D46DE8}") = "src", "src", "{05708F92-04E7-4879-B27D-6BF66B3A16D3}"
EndProject
Project("{2150E333-8FDC-42A3-9474-1A3956D46DE8}") = "BoundedContexts", "BoundedContexts", "{D1F834F8-81F6-4411-B9C7-A79C11BB5DFD}"
EndProject
Project("{2150E333-8FDC-42A3-9474-1A3956D46DE8}") = "Auth", "Auth", "{9E2DC287-E2E8-462B-9680-84D0775AF7B2}"
EndProject
Project("{FAE04EC0-301F-11D3-BF4B-00C04F79EFBC}") = "ModernCRM.Auth.Api", "src\BoundedContexts\Auth\ModernCRM.Auth.Api\ModernCRM.Auth.Api.csproj", "{9BC57252-F901-44C9-9A6A-00BC7BFD7C27}"
EndProject
Project("{FAE04EC0-301F-11D3-BF4B-00C04F79EFBC}") = "ModernCRM.Auth.Application", "src\BoundedContexts\Auth\ModernCRM.Auth.Application\ModernCRM.Auth.Application.csproj", "{B64381E3-6610-4C04-9D1E-69D5592672D9}"
EndProject
Project("{FAE04EC0-301F-11D3-BF4B-00C04F79EFBC}") = "ModernCRM.Auth.Domain", "src\BoundedContexts\Auth\ModernCRM.Auth.Domain\ModernCRM.Auth.Domain.csproj", "{FC389651-C51E-4295-8B51-4327BA5EAB07}"
EndProject
Project("{FAE04EC0-301F-11D3-BF4B-00C04F79EFBC}") = "ModernCRM.Auth.Infrastructure", "src\BoundedContexts\Auth\ModernCRM.Auth.Infrastructure\ModernCRM.Auth.Infrastructure.csproj", "{A0A012B7-380D-46D8-A4FE-2C33E7CEF352}"
EndProject
Project("{2150E333-8FDC-42A3-9474-1A3956D46DE8}") = "CRM", "CRM", "{12E6660C-26B1-485A-97FF-02F5BC8FD0DA}"
EndProject
Project("{FAE04EC0-301F-11D3-BF4B-00C04F79EFBC}") = "ModernCRM.Crm.Api", "src\BoundedContexts\CRM\ModernCRM.Crm.Api\ModernCRM.Crm.Api.csproj", "{1A88C809-7AAC-4C46-AF86-F32D29D7A8A0}"
EndProject
Project("{FAE04EC0-301F-11D3-BF4B-00C04F79EFBC}") = "ModernCRM.Crm.Application", "src\BoundedContexts\CRM\ModernCRM.Crm.Application\ModernCRM.Crm.Application.csproj", "{0D01C088-73AF-4614-84D9-93C90B31434B}"
EndProject
Project("{FAE04EC0-301F-11D3-BF4B-00C04F79EFBC}") = "ModernCRM.Crm.Domain", "src\BoundedContexts\CRM\ModernCRM.Crm.Domain\ModernCRM.Crm.Domain.csproj", "{A61F97E3-A4C8-4692-85F9-FE8D34F30EBB}"
EndProject
Project("{FAE04EC0-301F-11D3-BF4B-00C04F79EFBC}") = "ModernCRM.Crm.Infrastructure", "src\BoundedContexts\CRM\ModernCRM.Crm.Infrastructure\ModernCRM.Crm.Infrastructure.csproj", "{B1036A80-291A-4A43-B729-F971A3267647}"
EndProject
Project("{2150E333-8FDC-42A3-9474-1A3956D46DE8}") = "SharedKernel", "SharedKernel", "{FE5C84C1-8E60-450A-9CC1-3FCE1AC59E95}"
EndProject
Project("{FAE04EC0-301F-11D3-BF4B-00C04F79EFBC}") = "ModernCRM.SharedKernel", "src\SharedKernel\ModernCRM.SharedKernel\ModernCRM.SharedKernel.csproj", "{250A1831-9E55-499F-8462-717FB3CD53DC}"
EndProject
Project("{2150E333-8FDC-42A3-9474-1A3956D46DE8}") = "Presentation", "Presentation", "{E32BE61C-7986-4532-B940-131404A27155}"
EndProject
Project("{FAE04EC0-301F-11D3-BF4B-00C04F79EFBC}") = "ModernCRM.Web", "src\Presentation\ModernCRM.Web\ModernCRM.Web.csproj", "{FFA96347-71CF-4E1E-A5C0-526C6519741F}"
EndProject
Project("{2150E333-8FDC-42A3-9474-1A3956D46DE8}") = "tests", "tests", "{BD1B5014-31EC-4ACB-9743-131DF682EA7E}"
EndProject
Project("{FAE04EC0-301F-11D3-BF4B-00C04F79EFBC}") = "ModernCRM.ArchitectureTests", "tests\ModernCRM.ArchitectureTests\ModernCRM.ArchitectureTests.csproj", "{DCCD469B-4B50-4503-AAFD-347146E38B98}"
EndProject
Global
	GlobalSection(SolutionConfigurationPlatforms) = preSolution
		Debug|Any CPU = Debug|Any CPU
		Release|Any CPU = Release|Any CPU
	EndGlobalSection
	GlobalSection(SolutionProperties) = preSolution
		HideSolutionNode = FALSE
	EndGlobalSection
	GlobalSection(ProjectConfigurationPlatforms) = postSolution
		{9BC57252-F901-44C9-9A6A-00BC7BFD7C27}.Debug|Any CPU.ActiveCfg = Debug|Any CPU
		{9BC57252-F901-44C9-9A6A-00BC7BFD7C27}.Debug|Any CPU.Build.0 = Debug|Any CPU
		{9BC57252-F901-44C9-9A6A-00BC7BFD7C27}.Release|Any CPU.ActiveCfg = Release|Any CPU
		{9BC57252-F901-44C9-9A6A-00BC7BFD7C27}.Release|Any CPU.Build.0 = Release|Any CPU
		{B64381E3-6610-4C04-9D1E-69D5592672D9}.Debug|Any CPU.ActiveCfg = Debug|Any CPU
		{B64381E3-6610-4C04-9D1E-69D5592672D9}.Debug|Any CPU.Build.0 = Debug|Any CPU
		{B64381E3-6610-4C04-9D1E-69D5592672D9}.Release|Any CPU.ActiveCfg = Release|Any CPU
		{B64381E3-6610-4C04-9D1E-69D5592672D9}.Release|Any CPU.Build.0 = Release|Any CPU
		{FC389651-C51E-4295-8B51-4327BA5EAB07}.Debug|Any CPU.ActiveCfg = Debug|Any CPU
		{FC389651-C51E-4295-8B51-4327BA5EAB07}.Debug|Any CPU.Build.0 = Debug|Any CPU
		{FC389651-C51E-4295-8B51-4327BA5EAB07}.Release|Any CPU.ActiveCfg = Release|Any CPU
		{FC389651-C51E-4295-8B51-4327BA5EAB07}.Release|Any CPU.Build.0 = Release|Any CPU
		{A0A012B7-380D-46D8-A4FE-2C33E7CEF352}.Debug|Any CPU.ActiveCfg = Debug|Any CPU
		{A0A012B7-380D-46D8-A4FE-2C33E7CEF352}.Debug|Any CPU.Build.0 = Debug|Any CPU
		{A0A012B7-380D-46D8-A4FE-2C33E7CEF352}.Release|Any CPU.ActiveCfg = Release|Any CPU
		{A0A012B7-380D-46D8-A4FE-2C33E7CEF352}.Release|Any CPU.Build.0 = Release|Any CPU
		{1A88C809-7AAC-4C46-AF86-F32D29D7A8A0}.Debug|Any CPU.ActiveCfg = Debug|Any CPU
		{1A88C809-7AAC-4C46-AF86-F32D29D7A8A0}.Debug|Any CPU.Build.0 = Debug|Any CPU
		{1A88C809-7AAC-4C46-AF86-F32D29D7A8A0}.Release|Any CPU.ActiveCfg = Release|Any CPU
		{1A88C809-7AAC-4C46-AF86-F32D29D7A8A0}.Release|Any CPU.Build.0 = Release|Any CPU
		{0D01C088-73AF-4614-84D9-93C90B31434B}.Debug|Any CPU.ActiveCfg = Debug|Any CPU
		{0D01C088-73AF-4614-84D9-93C90B31434B}.Debug|Any CPU.Build.0 = Debug|Any CPU
		{0D01C088-73AF-4614-84D9-93C90B31434B}.Release|Any CPU.ActiveCfg = Release|Any CPU
		{0D01C088-73AF-4614-84D9-93C90B31434B}.Release|Any CPU.Build.0 = Release|Any CPU
		{A61F97E3-A4C8-4692-85F9-FE8D34F30EBB}.Debug|Any CPU.ActiveCfg = Debug|Any CPU
		{A61F97E3-A4C8-4692-85F9-FE8D34F30EBB}.Debug|Any CPU.Build.0 = Debug|Any CPU
		{A61F97E3-A4C8-4692-85F9-FE8D34F30EBB}.Release|Any CPU.ActiveCfg = Release|Any CPU
		{A61F97E3-A4C8-4692-85F9-FE8D34F30EBB}.Release|Any CPU.Build.0 = Release|Any CPU
		{B1036A80-291A-4A43-B729-F971A3267647}.Debug|Any CPU.ActiveCfg = Debug|Any CPU
		{B1036A80-291A-4A43-B729-F971A3267647}.Debug|Any CPU.Build.0 = Debug|Any CPU
		{B1036A80-291A-4A43-B729-F971A3267647}.Release|Any CPU.ActiveCfg = Release|Any CPU
		{B1036A80-291A-4A43-B729-F971A3267647}.Release|Any CPU.Build.0 = Release|Any CPU
		{250A1831-9E55-499F-8462-717FB3CD53DC}.Debug|Any CPU.ActiveCfg = Debug|Any CPU
		{250A1831-9E55-499F-8462-717FB3CD53DC}.Debug|Any CPU.Build.0 = Debug|Any CPU
		{250A1831-9E55-499F-8462-717FB3CD53DC}.Release|Any CPU.ActiveCfg = Release|Any CPU
		{250A1831-9E55-499F-8462-717FB3CD53DC}.Release|Any CPU.Build.0 = Release|Any CPU
		{FFA96347-71CF-4E1E-A5C0-526C6519741F}.Debug|Any CPU.ActiveCfg = Debug|Any CPU
		{FFA96347-71CF-4E1E-A5C0-526C6519741F}.Debug|Any CPU.Build.0 = Debug|Any CPU
		{FFA96347-71CF-4E1E-A5C0-526C6519741F}.Release|Any CPU.ActiveCfg = Release|Any CPU
		{FFA96347-71CF-4E1E-A5C0-526C6519741F}.Release|Any CPU.Build.0 = Release|Any CPU
		{DCCD469B-4B50-4503-AAFD-347146E38B98}.Debug|Any CPU.ActiveCfg = Debug|Any CPU
		{DCCD469B-4B50-4503-AAFD-347146E38B98}.Debug|Any CPU.Build.0 = Debug|Any CPU
		{DCCD469B-4B50-4503-AAFD-347146E38B98}.Release|Any CPU.ActiveCfg = Release|Any CPU
		{DCCD469B-4B50-4503-AAFD-347146E38B98}.Release|Any CPU.Build.0 = Release|Any CPU
	EndGlobalSection
	GlobalSection(NestedProjects) = preSolution
		{D1F834F8-81F6-4411-B9C7-A79C11BB5DFD} = {05708F92-04E7-4879-B27D-6BF66B3A16D3}
		{9E2DC287-E2E8-462B-9680-84D0775AF7B2} = {D1F834F8-81F6-4411-B9C7-A79C11BB5DFD}
		{9BC57252-F901-44C9-9A6A-00BC7BFD7C27} = {9E2DC287-E2E8-462B-9680-84D0775AF7B2}
		{B64381E3-6610-4C04-9D1E-69D5592672D9} = {9E2DC287-E2E8-462B-9680-84D0775AF7B2}
		{FC389651-C51E-4295-8B51-4327BA5EAB07} = {9E2DC287-E2E8-462B-9680-84D0775AF7B2}
		{A0A012B7-380D-46D8-A4FE-2C33E7CEF352} = {9E2DC287-E2E8-462B-9680-84D0775AF7B2}
		{12E6660C-26B1-485A-97FF-02F5BC8FD0DA} = {D1F834F8-81F6-4411-B9C7-A79C11BB5DFD}
		{1A88C809-7AAC-4C46-AF86-F32D29D7A8A0} = {12E6660C-26B1-485A-97FF-02F5BC8FD0DA}
		{0D01C088-73AF-4614-84D9-93C90B31434B} = {12E6660C-26B1-485A-97FF-02F5BC8FD0DA}
		{A61F97E3-A4C8-4692-85F9-FE8D34F30EBB} = {12E6660C-26B1-485A-97FF-02F5BC8FD0DA}
		{B1036A80-291A-4A43-B729-F971A3267647} = {12E6660C-26B1-485A-97FF-02F5BC8FD0DA}
		{FE5C84C1-8E60-450A-9CC1-3FCE1AC59E95} = {05708F92-04E7-4879-B27D-6BF66B3A16D3}
		{250A1831-9E55-499F-8462-717FB3CD53DC} = {FE5C84C1-8E60-450A-9CC1-3FCE1AC59E95}
		{E32BE61C-7986-4532-B940-131404A27155} = {05708F92-04E7-4879-B27D-6BF66B3A16D3}
		{FFA96347-71CF-4E1E-A5C0-526C6519741F} = {E32BE61C-7986-4532-B940-131404A27155}
		{DCCD469B-4B50-4503-AAFD-347146E38B98} = {BD1B5014-31EC-4ACB-9743-131DF682EA7E}
	EndGlobalSection
EndGlobal
